// !$*UTF8*$!
{
	archiveVersion = 1;
	classes = {
	};
	objectVersion = 50;
	objects = {

/* Begin PBXBuildFile section */
		AD095FAF233094300013618C /* AppDelegate.swift in Sources */ = {isa = PBXBuildFile; fileRef = AD095FAE233094300013618C /* AppDelegate.swift */; };
		AD095FB1233094300013618C /* ViewController.swift in Sources */ = {isa = PBXBuildFile; fileRef = AD095FB0233094300013618C /* ViewController.swift */; };
		AD095FB4233094300013618C /* Main.storyboard in Resources */ = {isa = PBXBuildFile; fileRef = AD095FB2233094300013618C /* Main.storyboard */; };
		AD095FB7233094300013618C /* Biometrics.xcdatamodeld in Sources */ = {isa = PBXBuildFile; fileRef = AD095FB5233094300013618C /* Biometrics.xcdatamodeld */; };
		AD095FB9233094320013618C /* Assets.xcassets in Resources */ = {isa = PBXBuildFile; fileRef = AD095FB8233094320013618C /* Assets.xcassets */; };
		AD095FBC233094320013618C /* LaunchScreen.storyboard in Resources */ = {isa = PBXBuildFile; fileRef = AD095FBA233094320013618C /* LaunchScreen.storyboard */; };
		AD095FC4233095990013618C /* AuthenticationState.swift in Sources */ = {isa = PBXBuildFile; fileRef = AD095FC3233095990013618C /* AuthenticationState.swift */; };
/* End PBXBuildFile section */

/* Begin PBXFileReference section */
		AD095FAB233094300013618C /* Biometrics.app */ = {isa = PBXFileReference; explicitFileType = wrapper.application; includeInIndex = 0; path = Biometrics.app; sourceTree = BUILT_PRODUCTS_DIR; };
		AD095FAE233094300013618C /* AppDelegate.swift */ = {isa = PBXFileReference; lastKnownFileType = sourcecode.swift; path = AppDelegate.swift; sourceTree = "<group>"; };
		AD095FB0233094300013618C /* ViewController.swift */ = {isa = PBXFileReference; lastKnownFileType = sourcecode.swift; path = ViewController.swift; sourceTree = "<group>"; };
		AD095FB3233094300013618C /* Base */ = {isa = PBXFileReference; lastKnownFileType = file.storyboard; name = Base; path = Base.lproj/Main.storyboard; sourceTree = "<group>"; };
		AD095FB6233094300013618C /* Biometrics.xcdatamodel */ = {isa = PBXFileReference; lastKnownFileType = wrapper.xcdatamodel; path = Biometrics.xcdatamodel; sourceTree = "<group>"; };
		AD095FB8233094320013618C /* Assets.xcassets */ = {isa = PBXFileReference; lastKnownFileType = folder.assetcatalog; path = Assets.xcassets; sourceTree = "<group>"; };
		AD095FBB233094320013618C /* Base */ = {isa = PBXFileReference; lastKnownFileType = file.storyboard; name = Base; path = Base.lproj/LaunchScreen.storyboard; sourceTree = "<group>"; };
		AD095FBD233094320013618C /* Info.plist */ = {isa = PBXFileReference; lastKnownFileType = text.plist.xml; path = Info.plist; sourceTree = "<group>"; };
		AD095FC3233095990013618C /* AuthenticationState.swift */ = {isa = PBXFileReference; lastKnownFileType = sourcecode.swift; path = AuthenticationState.swift; sourceTree = "<group>"; };
/* End PBXFileReference section */

/* Begin PBXFrameworksBuildPhase section */
		AD095FA8233094300013618C /* Frameworks */ = {
			isa = PBXFrameworksBuildPhase;
			buildActionMask = 2147483647;
			files = (
			);
			runOnlyForDeploymentPostprocessing = 0;
		};
/* End PBXFrameworksBuildPhase section */

/* Begin PBXGroup section */
		AD095FA2233094300013618C = {
			isa = PBXGroup;
			children = (
				AD095FAD233094300013618C /* Biometrics */,
				AD095FAC233094300013618C /* Products */,
			);
			sourceTree = "<group>";
		};
		AD095FAC233094300013618C /* Products */ = {
			isa = PBXGroup;
			children = (
				AD095FAB233094300013618C /* Biometrics.app */,
			);
			name = Products;
			sourceTree = "<group>";
		};
		AD095FAD233094300013618C /* Biometrics */ = {
			isa = PBXGroup;
			children = (
				AD095FAE233094300013618C /* AppDelegate.swift */,
				AD095FB0233094300013618C /* ViewController.swift */,
				AD095FC3233095990013618C /* AuthenticationState.swift */,
				AD095FB2233094300013618C /* Main.storyboard */,
				AD095FB8233094320013618C /* Assets.xcassets */,
				AD095FBA233094320013618C /* LaunchScreen.storyboard */,
				AD095FBD233094320013618C /* Info.plist */,
				AD095FB5233094300013618C /* Biometrics.xcdatamodeld */,
			);
			path = Biometrics;
			sourceTree = "<group>";
		};
/* End PBXGroup section */

/* Begin PBXNativeTarget section */
		AD095FAA233094300013618C /* Biometrics */ = {
			isa = PBXNativeTarget;
			buildConfigurationList = AD095FC0233094320013618C /* Build configuration list for PBXNativeTarget "Biometrics" */;
			buildPhases = (
				AD095FA7233094300013618C /* Sources */,
				AD095FA8233094300013618C /* Frameworks */,
				AD095FA9233094300013618C /* Resources */,
			);
			buildRules = (
			);
			dependencies = (
			);
			name = Biometrics;
			productName = Biometrics;
			productReference = AD095FAB233094300013618C /* Biometrics.app */;
			productType = "com.apple.product-type.application";
		};
/* End PBXNativeTarget section */

/* Begin PBXProject section */
		AD095FA3233094300013618C /* Project object */ = {
			isa = PBXProject;
			attributes = {
				LastSwiftUpdateCheck = 1030;
				LastUpgradeCheck = 1030;
				ORGANIZATIONNAME = "Elga Theresia ";
				TargetAttributes = {
					AD095FAA233094300013618C = {
						CreatedOnToolsVersion = 10.3;
					};
				};
			};
			buildConfigurationList = AD095FA6233094300013618C /* Build configuration list for PBXProject "Biometrics" */;
			compatibilityVersion = "Xcode 9.3";
			developmentRegion = en;
			hasScannedForEncodings = 0;
			knownRegions = (
				en,
				Base,
			);
			mainGroup = AD095FA2233094300013618C;
			productRefGroup = AD095FAC233094300013618C /* Products */;
			projectDirPath = "";
			projectRoot = "";
			targets = (
				AD095FAA233094300013618C /* Biometrics */,
			);
		};
/* End PBXProject section */

/* Begin PBXResourcesBuildPhase section */
		AD095FA9233094300013618C /* Resources */ = {
			isa = PBXResourcesBuildPhase;
			buildActionMask = 2147483647;
			files = (
				AD095FBC233094320013618C /* LaunchScreen.storyboard in Resources */,
				AD095FB9233094320013618C /* Assets.xcassets in Resources */,
				AD095FB4233094300013618C /* Main.storyboard in Resources */,
			);
			runOnlyForDeploymentPostprocessing = 0;
		};
/* End PBXResourcesBuildPhase section */

/* Begin PBXSourcesBuildPhase section */
		AD095FA7233094300013618C /* Sources */ = {
			isa = PBXSourcesBuildPhase;
			buildActionMask = 2147483647;
			files = (
				AD095FB7233094300013618C /* Biometrics.xcdatamodeld in Sources */,
				AD095FC4233095990013618C /* AuthenticationState.swift in Sources */,
				AD095FB1233094300013618C /* ViewController.swift in Sources */,
				AD095FAF233094300013618C /* AppDelegate.swift in Sources */,
			);
			runOnlyForDeploymentPostprocessing = 0;
		};
/* End PBXSourcesBuildPhase section */

/* Begin PBXVariantGroup section */
		AD095FB2233094300013618C /* Main.storyboard */ = {
			isa = PBXVariantGroup;
			children = (
				AD095FB3233094300013618C /* Base */,
			);
			name = Main.storyboard;
			sourceTree = "<group>";
		};
		AD095FBA233094320013618C /* LaunchScreen.storyboard */ = {
			isa = PBXVariantGroup;
			children = (
				AD095FBB233094320013618C /* Base */,
			);
			name = LaunchScreen.storyboard;
			sourceTree = "<group>";
		};
/* End PBXVariantGroup section */

/* Begin XCBuildConfiguration section */
		AD095FBE233094320013618C /* Debug */ = {
			isa = XCBuildConfiguration;
			buildSettings = {
				ALWAYS_SEARCH_USER_PATHS = NO;
				CLANG_ANALYZER_NONNULL = YES;
				CLANG_ANALYZER_NUMBER_OBJECT_CONVERSION = YES_AGGRESSIVE;
				CLANG_CXX_LANGUAGE_STANDARD = "gnu++14";
				CLANG_CXX_LIBRARY = "libc++";
				CLANG_ENABLE_MODULES = YES;
				CLANG_ENABLE_OBJC_ARC = YES;
				CLANG_ENABLE_OBJC_WEAK = YES;
				CLANG_WARN_BLOCK_CAPTURE_AUTORELEASING = YES;
				CLANG_WARN_BOOL_CONVERSION = YES;
				CLANG_WARN_COMMA = YES;
				CLANG_WARN_CONSTANT_CONVERSION = YES;
				CLANG_WARN_DEPRECATED_OBJC_IMPLEMENTATIONS = YES;
				CLANG_WARN_DIRECT_OBJC_ISA_USAGE = YES_ERROR;
				CLANG_WARN_DOCUMENTATION_COMMENTS = YES;
				CLANG_WARN_EMPTY_BODY = YES;
				CLANG_WARN_ENUM_CONVERSION = YES;
				CLANG_WARN_INFINITE_RECURSION = YES;
				CLANG_WARN_INT_CONVERSION = YES;
				CLANG_WARN_NON_LITERAL_NULL_CONVERSION = YES;
				CLANG_WARN_OBJC_IMPLICIT_RETAIN_SELF = YES;
				CLANG_WARN_OBJC_LITERAL_CONVERSION = YES;
				CLANG_WARN_OBJC_ROOT_CLASS = YES_ERROR;
				CLANG_WARN_RANGE_LOOP_ANALYSIS = YES;
				CLANG_WARN_STRICT_PROTOTYPES = YES;
				CLANG_WARN_SUSPICIOUS_MOVE = YES;
				CLANG_WARN_UNGUARDED_AVAILABILITY = YES_AGGRESSIVE;
				CLANG_WARN_UNREACHABLE_CODE = YES;
				CLANG_WARN__DUPLICATE_METHOD_MATCH = YES;
				CODE_SIGN_IDENTITY = "iPhone Developer";
				COPY_PHASE_STRIP = NO;
				DEBUG_INFORMATION_FORMAT = dwarf;
				ENABLE_STRICT_OBJC_MSGSEND = YES;
				ENABLE_TESTABILITY = YES;
				GCC_C_LANGUAGE_STANDARD = gnu11;
				GCC_DYNAMIC_NO_PIC = NO;
				GCC_NO_COMMON_BLOCKS = YES;
				GCC_OPTIMIZATION_LEVEL = 0;
				GCC_PREPROCESSOR_DEFINITIONS = (
					"DEBUG=1",
					"$(inherited)",
				);
				GCC_WARN_64_TO_32_BIT_CONVERSION = YES;
				GCC_WARN_ABOUT_RETURN_TYPE = YES_ERROR;
				GCC_WARN_UNDECLARED_SELECTOR = YES;
				GCC_WARN_UNINITIALIZED_AUTOS = YES_AGGRESSIVE;
				GCC_WARN_UNUSED_FUNCTION = YES;
				GCC_WARN_UNUSED_VARIABLE = YES;
				IPHONEOS_DEPLOYMENT_TARGET = 12.4;
				MTL_ENABLE_DEBUG_INFO = INCLUDE_SOURCE;
				MTL_FAST_MATH = YES;
				ONLY_ACTIVE_ARCH = YES;
				SDKROOT = iphoneos;
				SWIFT_ACTIVE_COMPILATION_CONDITIONS = DEBUG;
				SWIFT_OPTIMIZATION_LEVEL = "-Onone";
			};
			name = Debug;
		};
		AD095FBF233094320013618C /* Release */ = {
			isa = XCBuildConfiguration;
			buildSettings = {
				ALWAYS_SEARCH_USER_PATHS = NO;
				CLANG_ANALYZER_NONNULL = YES;
				CLANG_ANALYZER_NUMBER_OBJECT_CONVERSION = YES_AGGRESSIVE;
				CLANG_CXX_LANGUAGE_STANDARD = "gnu++14";
				CLANG_CXX_LIBRARY = "libc++";
				CLANG_ENABLE_MODULES = YES;
				CLANG_ENABLE_OBJC_ARC = YES;
				CLANG_ENABLE_OBJC_WEAK = YES;
				CLANG_WARN_BLOCK_CAPTURE_AUTORELEASING = YES;
				CLANG_WARN_BOOL_CONVERSION = YES;
				CLANG_WARN_COMMA = YES;
				CLANG_WARN_CONSTANT_CONVERSION = YES;
				CLANG_WARN_DEPRECATED_OBJC_IMPLEMENTATIONS = YES;
				CLANG_WARN_DIRECT_OBJC_ISA_USAGE = YES_ERROR;
				CLANG_WARN_DOCUMENTATION_COMMENTS = YES;
				CLANG_WARN_EMPTY_BODY = YES;
				CLANG_WARN_ENUM_CONVERSION = YES;
				CLANG_WARN_INFINITE_RECURSION = YES;
				CLANG_WARN_INT_CONVERSION = YES;
				CLANG_WARN_NON_LITERAL_NULL_CONVERSION = YES;
				CLANG_WARN_OBJC_IMPLICIT_RETAIN_SELF = YES;
				CLANG_WARN_OBJC_LITERAL_CONVERSION = YES;
				CLANG_WARN_OBJC_ROOT_CLASS = YES_ERROR;
				CLANG_WARN_RANGE_LOOP_ANALYSIS = YES;
				CLANG_WARN_STRICT_PROTOTYPES = YES;
				CLANG_WARN_SUSPICIOUS_MOVE = YES;
				CLANG_WARN_UNGUARDED_AVAILABILITY = YES_AGGRESSIVE;
				CLANG_WARN_UNREACHABLE_CODE = YES;
				CLANG_WARN__DUPLICATE_METHOD_MATCH = YES;
				CODE_SIGN_IDENTITY = "iPhone Developer";
				COPY_PHASE_STRIP = NO;
				DEBUG_INFORMATION_FORMAT = "dwarf-with-dsym";
				ENABLE_NS_ASSERTIONS = NO;
				ENABLE_STRICT_OBJC_MSGSEND = YES;
				GCC_C_LANGUAGE_STANDARD = gnu11;
				GCC_NO_COMMON_BLOCKS = YES;
				GCC_WARN_64_TO_32_BIT_CONVERSION = YES;
				GCC_WARN_ABOUT_RETURN_TYPE = YES_ERROR;
				GCC_WARN_UNDECLARED_SELECTOR = YES;
				GCC_WARN_UNINITIALIZED_AUTOS = YES_AGGRESSIVE;
				GCC_WARN_UNUSED_FUNCTION = YES;
				GCC_WARN_UNUSED_VARIABLE = YES;
				IPHONEOS_DEPLOYMENT_TARGET = 12.4;
				MTL_ENABLE_DEBUG_INFO = NO;
				MTL_FAST_MATH = YES;
				SDKROOT = iphoneos;
				SWIFT_COMPILATION_MODE = wholemodule;
				SWIFT_OPTIMIZATION_LEVEL = "-O";
				VALIDATE_PRODUCT = YES;
			};
			name = Release;
		};
		AD095FC1233094320013618C /* Debug */ = {
			isa = XCBuildConfiguration;
			buildSettings = {
				ASSETCATALOG_COMPILER_APPICON_NAME = AppIcon;
				CODE_SIGN_STYLE = Automatic;
				DEVELOPMENT_TEAM = B6244UBYLK;
				INFOPLIST_FILE = Biometrics/Info.plist;
				LD_RUNPATH_SEARCH_PATHS = (
					"$(inherited)",
					"@executable_path/Frameworks",
				);
				PRODUCT_BUNDLE_IDENTIFIER = com.elgatheresia.Biometrics;
				PRODUCT_NAME = "$(TARGET_NAME)";
				SWIFT_VERSION = 5.0;
				TARGETED_DEVICE_FAMILY = "1,2";
			};
			name = Debug;
		};
		AD095FC2233094320013618C /* Release */ = {
			isa = XCBuildConfiguration;
			buildSettings = {
				ASSETCATALOG_COMPILER_APPICON_NAME = AppIcon;
				CODE_SIGN_STYLE = Automatic;
				DEVELOPMENT_TEAM = B6244UBYLK;
				INFOPLIST_FILE = Biometrics/Info.plist;
				LD_RUNPATH_SEARCH_PATHS = (
					"$(inherited)",
					"@executable_path/Frameworks",
				);
				PRODUCT_BUNDLE_IDENTIFIER = com.elgatheresia.Biometrics;
				PRODUCT_NAME = "$(TARGET_NAME)";
				SWIFT_VERSION = 5.0;
				TARGETED_DEVICE_FAMILY = "1,2";
			};
			name = Release;
		};
/* End XCBuildConfiguration section */

/* Begin XCConfigurationList section */
		AD095FA6233094300013618C /* Build configuration list for PBXProject "Biometrics" */ = {
			isa = XCConfigurationList;
			buildConfigurations = (
				AD095FBE233094320013618C /* Debug */,
				AD095FBF233094320013618C /* Release */,
			);
			defaultConfigurationIsVisible = 0;
			defaultConfigurationName = Release;
		};
		AD095FC0233094320013618C /* Build configuration list for PBXNativeTarget "Biometrics" */ = {
			isa = XCConfigurationList;
			buildConfigurations = (
				AD095FC1233094320013618C /* Debug */,
				AD095FC2233094320013618C /* Release */,
			);
			defaultConfigurationIsVisible = 0;
			defaultConfigurationName = Release;
		};
/* End XCConfigurationList section */

/* Begin XCVersionGroup section */
		AD095FB5233094300013618C /* Biometrics.xcdatamodeld */ = {
			isa = XCVersionGroup;
			children = (
				AD095FB6233094300013618C /* Biometrics.xcdatamodel */,
			);
			currentVersion = AD095FB6233094300013618C /* Biometrics.xcdatamodel */;
			path = Biometrics.xcdatamodeld;
			sourceTree = "<group>";
			versionGroupType = wrapper.xcdatamodel;
		};
/* End XCVersionGroup section */
	};
	rootObject = AD095FA3233094300013618C /* Project object */;
}
